
Microsoft Visual Studio Solution File, Format Version 12.00
# Visual Studio Version 17
VisualStudioVersion = 17.0.32014.148
MinimumVisualStudioVersion = 10.0.40219.1
Project("{FAE04EC0-301F-11D3-BF4B-00C04F79EFBC}") = "crud_windowForm_products", "crud_windowForm_products\crud_windowForm_products.csproj", "{6A22BAB1-C366-43AF-8127-BD9BB85814BF}"
EndProject
Global
	GlobalSection(SolutionConfigurationPlatforms) = preSolution
		Debug|Any CPU = Debug|Any CPU
		Release|Any CPU = Release|Any CPU
	EndGlobalSection
	GlobalSection(ProjectConfigurationPlatforms) = postSolution
		{6A22BAB1-C366-43AF-8127-BD9BB85814BF}.Debug|Any CPU.ActiveCfg = Debug|Any CPU
		{6A22BAB1-C366-43AF-8127-BD9BB85814BF}.Debug|Any CPU.Build.0 = Debug|Any CPU
		{6A22BAB1-C366-43AF-8127-BD9BB85814BF}.Release|Any CPU.ActiveCfg = Release|Any CPU
		{6A22BAB1-C366-43AF-8127-BD9BB85814BF}.Release|Any CPU.Build.0 = Release|Any CPU
	EndGlobalSection
	GlobalSection(SolutionProperties) = preSolution
		HideSolutionNode = FALSE
	EndGlobalSection
	GlobalSection(ExtensibilityGlobals) = postSolution
		SolutionGuid = {2556122E-3991-4598-A1A9-5E22D448DA3B}
	EndGlobalSection
EndGlobal
